{
  "name": "timing",
  "version": "0.1.1",
  "lockfileVersion": 2,
  "requires": true,
  "packages": {
    "": {
      "version": "0.1.1",
      "license": "ISC",
      "dependencies": {
        "moment-countdown": "^0.0.3",
        "moment-timezone": "^0.5.37"
      }
    },
    "node_modules/countdown": {
      "version": "2.6.0",
      "resolved": "https://registry.npmjs.org/countdown/-/countdown-2.6.0.tgz",
      "integrity": "sha512-96C3ntj6/Q0KiikjRxDTrnw09VHI1x930gDTxBnTN8spEjySAT4ftvPXbM22Wn1pp5X0HvZ9uw6DOIf2d8g7rg=="
    },
    "node_modules/moment": {
      "version": "2.29.4",
      "resolved": "https://registry.npmjs.org/moment/-/moment-2.29.4.tgz",
      "integrity": "sha512-5LC9SOxjSc2HF6vO2CyuTDNivEdoz2IvyJJGj6X8DJ0eFyfszE0QiEd+iXmBvUP3WHxSjFH/vIsA0EN00cgr8w==",
      "engines": {
        "node": "*"
      }
    },
    "node_modules/moment-countdown": {
      "version": "0.0.3",
      "resolved": "https://registry.npmjs.org/moment-countdown/-/moment-countdown-0.0.3.tgz",
      "integrity": "sha512-sYHhF+ElBYccDeMlEKwF6wOmvjO1MU6xUqc456nQqMfbBBkIQWNwe40cQif17wFrNfwroMMsiMRUkE5C2ioSWw==",
      "dependencies": {
        "countdown": ">= 2.3.0",
        "moment": ">= 2.0.0"
      },
      "engines": {
        "node": "*"
      }
    },
    "node_modules/moment-timezone": {
      "version": "0.5.37",
      "resolved": "https://registry.npmjs.org/moment-timezone/-/moment-timezone-0.5.37.tgz",
      "integrity": "sha512-uEDzDNFhfaywRl+vwXxffjjq1q0Vzr+fcQpQ1bU0kbzorfS7zVtZnCnGc8mhWmF39d4g4YriF6kwA75mJKE/Zg==",
      "dependencies": {
        "moment": ">= 2.9.0"
      },
      "engines": {
        "node": "*"
      }
    }
  },
  "dependencies": {
    "countdown": {
      "version": "2.6.0",
      "resolved": "https://registry.npmjs.org/countdown/-/countdown-2.6.0.tgz",
      "integrity": "sha512-96C3ntj6/Q0KiikjRxDTrnw09VHI1x930gDTxBnTN8spEjySAT4ftvPXbM22Wn1pp5X0HvZ9uw6DOIf2d8g7rg=="
    },
    "moment": {
      "version": "2.29.4",
      "resolved": "https://registry.npmjs.org/moment/-/moment-2.29.4.tgz",
      "integrity": "sha512-5LC9SOxjSc2HF6vO2CyuTDNivEdoz2IvyJJGj6X8DJ0eFyfszE0QiEd+iXmBvUP3WHxSjFH/vIsA0EN00cgr8w=="
    },
    "moment-countdown": {
      "version": "0.0.3",
      "resolved": "https://registry.npmjs.org/moment-countdown/-/moment-countdown-0.0.3.tgz",
      "integrity": "sha512-sYHhF+ElBYccDeMlEKwF6wOmvjO1MU6xUqc456nQqMfbBBkIQWNwe40cQif17wFrNfwroMMsiMRUkE5C2ioSWw==",
      "requires": {
        "countdown": ">= 2.3.0",
        "moment": ">= 2.0.0"
      }
    },
    "moment-timezone": {
      "version": "0.5.37",
      "resolved": "https://registry.npmjs.org/moment-timezone/-/moment-timezone-0.5.37.tgz",
      "integrity": "sha512-uEDzDNFhfaywRl+vwXxffjjq1q0Vzr+fcQpQ1bU0kbzorfS7zVtZnCnGc8mhWmF39d4g4YriF6kwA75mJKE/Zg==",
      "requires": {
        "moment": ">= 2.9.0"
      }
    }
  }
}
